
Microsoft Visual Studio Solution File, Format Version 12.00
# Visual Studio Version 17
VisualStudioVersion = 17.0.31903.59
MinimumVisualStudioVersion = 10.0.40219.1
Project("{FAE04EC0-301F-11D3-BF4B-00C04F79EFBC}") = "CircularQueue", "CircularQueue\CircularQueue.csproj", "{A87950BE-5D7A-4E02-83AC-E23C9FA97665}"
EndProject
Project("{FAE04EC0-301F-11D3-BF4B-00C04F79EFBC}") = "CircularQueue.Tests", "CircularQueue.Tests\CircularQueue.Tests.csproj", "{4A290CF8-1582-4E45-9ED4-601E3D0ACAA0}"
EndProject
Global
	GlobalSection(SolutionConfigurationPlatforms) = preSolution
		Debug|Any CPU = Debug|Any CPU
		Release|Any CPU = Release|Any CPU
	EndGlobalSection
	GlobalSection(SolutionProperties) = preSolution
		HideSolutionNode = FALSE
	EndGlobalSection
	GlobalSection(ProjectConfigurationPlatforms) = postSolution
		{A87950BE-5D7A-4E02-83AC-E23C9FA97665}.Debug|Any CPU.ActiveCfg = Debug|Any CPU
		{A87950BE-5D7A-4E02-83AC-E23C9FA97665}.Debug|Any CPU.Build.0 = Debug|Any CPU
		{A87950BE-5D7A-4E02-83AC-E23C9FA97665}.Release|Any CPU.ActiveCfg = Release|Any CPU
		{A87950BE-5D7A-4E02-83AC-E23C9FA97665}.Release|Any CPU.Build.0 = Release|Any CPU
		{4A290CF8-1582-4E45-9ED4-601E3D0ACAA0}.Debug|Any CPU.ActiveCfg = Debug|Any CPU
		{4A290CF8-1582-4E45-9ED4-601E3D0ACAA0}.Debug|Any CPU.Build.0 = Debug|Any CPU
		{4A290CF8-1582-4E45-9ED4-601E3D0ACAA0}.Release|Any CPU.ActiveCfg = Release|Any CPU
		{4A290CF8-1582-4E45-9ED4-601E3D0ACAA0}.Release|Any CPU.Build.0 = Release|Any CPU
	EndGlobalSection
EndGlobal
